
Microsoft Visual Studio Solution File, Format Version 12.00
# Visual Studio Version 16
VisualStudioVersion = 16.0.29709.97
MinimumVisualStudioVersion = 10.0.40219.1
Project("{9A19103F-16F7-4668-BE54-9A1E7A4F7556}") = "UdlånsWeb", "UdlånsWeb\UdlånsWeb.csproj", "{08065F22-BD0A-46EA-9CFB-4E05A358B80A}"
EndProject
Global
	GlobalSection(SolutionConfigurationPlatforms) = preSolution
		Debug|Any CPU = Debug|Any CPU
		Release|Any CPU = Release|Any CPU
	EndGlobalSection
	GlobalSection(ProjectConfigurationPlatforms) = postSolution
		{08065F22-BD0A-46EA-9CFB-4E05A358B80A}.Debug|Any CPU.ActiveCfg = Debug|Any CPU
		{08065F22-BD0A-46EA-9CFB-4E05A358B80A}.Debug|Any CPU.Build.0 = Debug|Any CPU
		{08065F22-BD0A-46EA-9CFB-4E05A358B80A}.Release|Any CPU.ActiveCfg = Release|Any CPU
		{08065F22-BD0A-46EA-9CFB-4E05A358B80A}.Release|Any CPU.Build.0 = Release|Any CPU
	EndGlobalSection
	GlobalSection(SolutionProperties) = preSolution
		HideSolutionNode = FALSE
	EndGlobalSection
	GlobalSection(ExtensibilityGlobals) = postSolution
		SolutionGuid = {4F54636F-D9A1-4AD9-B547-6C06532E243F}
	EndGlobalSection
EndGlobal
